
Microsoft Visual Studio Solution File, Format Version 12.00
# Visual Studio 15
VisualStudioVersion = 15.0.27130.2003
MinimumVisualStudioVersion = 10.0.40219.1
Project("{FAE04EC0-301F-11D3-BF4B-00C04F79EFBC}") = "LinqDemo", "LinqDemo\LinqDemo.csproj", "{630420A3-7B49-4AD4-9ED3-DCF866161ECA}"
EndProject
Global
	GlobalSection(SolutionConfigurationPlatforms) = preSolution
		Debug|Any CPU = Debug|Any CPU
		Release|Any CPU = Release|Any CPU
	EndGlobalSection
	GlobalSection(ProjectConfigurationPlatforms) = postSolution
		{630420A3-7B49-4AD4-9ED3-DCF866161ECA}.Debug|Any CPU.ActiveCfg = Debug|Any CPU
		{630420A3-7B49-4AD4-9ED3-DCF866161ECA}.Debug|Any CPU.Build.0 = Debug|Any CPU
		{630420A3-7B49-4AD4-9ED3-DCF866161ECA}.Release|Any CPU.ActiveCfg = Release|Any CPU
		{630420A3-7B49-4AD4-9ED3-DCF866161ECA}.Release|Any CPU.Build.0 = Release|Any CPU
	EndGlobalSection
	GlobalSection(SolutionProperties) = preSolution
		HideSolutionNode = FALSE
	EndGlobalSection
	GlobalSection(ExtensibilityGlobals) = postSolution
		SolutionGuid = {750AD184-B700-4773-BA12-B8090E8CC704}
	EndGlobalSection
EndGlobal
